
Microsoft Visual Studio Solution File, Format Version 12.00
# Visual Studio Version 17
VisualStudioVersion = 17.7.34202.233
MinimumVisualStudioVersion = 10.0.40219.1
Project("{9A19103F-16F7-4668-BE54-9A1E7A4F7556}") = "UserManagementApp", "UserManagementApp\UserManagementApp.csproj", "{5C55FEF0-2BC2-467F-9F4F-4C386FB15F02}"
EndProject
Project("{FAE04EC0-301F-11D3-BF4B-00C04F79EFBC}") = "UserManagementApp.Services", "UserManagementApp.Services\UserManagementApp.Services.csproj", "{BB971991-F0D5-4D82-8EBC-256CD435D6CF}"
EndProject
Global
	GlobalSection(SolutionConfigurationPlatforms) = preSolution
		Debug|Any CPU = Debug|Any CPU
		Release|Any CPU = Release|Any CPU
	EndGlobalSection
	GlobalSection(ProjectConfigurationPlatforms) = postSolution
		{5C55FEF0-2BC2-467F-9F4F-4C386FB15F02}.Debug|Any CPU.ActiveCfg = Debug|Any CPU
		{5C55FEF0-2BC2-467F-9F4F-4C386FB15F02}.Debug|Any CPU.Build.0 = Debug|Any CPU
		{5C55FEF0-2BC2-467F-9F4F-4C386FB15F02}.Release|Any CPU.ActiveCfg = Release|Any CPU
		{5C55FEF0-2BC2-467F-9F4F-4C386FB15F02}.Release|Any CPU.Build.0 = Release|Any CPU
		{BB971991-F0D5-4D82-8EBC-256CD435D6CF}.Debug|Any CPU.ActiveCfg = Debug|Any CPU
		{BB971991-F0D5-4D82-8EBC-256CD435D6CF}.Debug|Any CPU.Build.0 = Debug|Any CPU
		{BB971991-F0D5-4D82-8EBC-256CD435D6CF}.Release|Any CPU.ActiveCfg = Release|Any CPU
		{BB971991-F0D5-4D82-8EBC-256CD435D6CF}.Release|Any CPU.Build.0 = Release|Any CPU
	EndGlobalSection
	GlobalSection(SolutionProperties) = preSolution
		HideSolutionNode = FALSE
	EndGlobalSection
	GlobalSection(ExtensibilityGlobals) = postSolution
		SolutionGuid = {10325427-1558-4EE2-BA0B-81826F54B382}
	EndGlobalSection
EndGlobal
